
Microsoft Visual Studio Solution File, Format Version 12.00
# Visual Studio Version 17
VisualStudioVersion = 17.4.33205.214
MinimumVisualStudioVersion = 10.0.40219.1
Project("{8BC9CEB8-8B4A-11D0-8D11-00A0C91BC942}") = "sim8086", "sim8086\sim8086.vcxproj", "{54C63BA8-D36B-4C34-85F4-02B4926900B2}"
	ProjectSection(ProjectDependencies) = postProject
		{A01C6C86-7481-42B5-A91B-3AD2DA0F0E3B} = {A01C6C86-7481-42B5-A91B-3AD2DA0F0E3B}
	EndProjectSection
EndProject
Project("{8BC9CEB8-8B4A-11D0-8D11-00A0C91BC942}") = "sim8086.Core", "sim8086.Core\sim8086.Core.vcxproj", "{A01C6C86-7481-42B5-A91B-3AD2DA0F0E3B}"
EndProject
Project("{8BC9CEB8-8B4A-11D0-8D11-00A0C91BC942}") = "sim8086.Test", "sim8086.Test\sim8086.Test.vcxproj", "{735ACA34-4B6C-46A6-B288-DF4518B62E21}"
EndProject
Global
	GlobalSection(SolutionConfigurationPlatforms) = preSolution
		Debug|x64 = Debug|x64
		Debug|x86 = Debug|x86
		Release|x64 = Release|x64
		Release|x86 = Release|x86
	EndGlobalSection
	GlobalSection(ProjectConfigurationPlatforms) = postSolution
		{54C63BA8-D36B-4C34-85F4-02B4926900B2}.Debug|x64.ActiveCfg = Debug|x64
		{54C63BA8-D36B-4C34-85F4-02B4926900B2}.Debug|x64.Build.0 = Debug|x64
		{54C63BA8-D36B-4C34-85F4-02B4926900B2}.Debug|x86.ActiveCfg = Debug|Win32
		{54C63BA8-D36B-4C34-85F4-02B4926900B2}.Debug|x86.Build.0 = Debug|Win32
		{54C63BA8-D36B-4C34-85F4-02B4926900B2}.Release|x64.ActiveCfg = Release|x64
		{54C63BA8-D36B-4C34-85F4-02B4926900B2}.Release|x64.Build.0 = Release|x64
		{54C63BA8-D36B-4C34-85F4-02B4926900B2}.Release|x86.ActiveCfg = Release|Win32
		{54C63BA8-D36B-4C34-85F4-02B4926900B2}.Release|x86.Build.0 = Release|Win32
		{A01C6C86-7481-42B5-A91B-3AD2DA0F0E3B}.Debug|x64.ActiveCfg = Debug|x64
		{A01C6C86-7481-42B5-A91B-3AD2DA0F0E3B}.Debug|x64.Build.0 = Debug|x64
		{A01C6C86-7481-42B5-A91B-3AD2DA0F0E3B}.Debug|x86.ActiveCfg = Debug|Win32
		{A01C6C86-7481-42B5-A91B-3AD2DA0F0E3B}.Debug|x86.Build.0 = Debug|Win32
		{A01C6C86-7481-42B5-A91B-3AD2DA0F0E3B}.Release|x64.ActiveCfg = Release|x64
		{A01C6C86-7481-42B5-A91B-3AD2DA0F0E3B}.Release|x64.Build.0 = Release|x64
		{A01C6C86-7481-42B5-A91B-3AD2DA0F0E3B}.Release|x86.ActiveCfg = Release|Win32
		{A01C6C86-7481-42B5-A91B-3AD2DA0F0E3B}.Release|x86.Build.0 = Release|Win32
		{735ACA34-4B6C-46A6-B288-DF4518B62E21}.Debug|x64.ActiveCfg = Debug|x64
		{735ACA34-4B6C-46A6-B288-DF4518B62E21}.Debug|x64.Build.0 = Debug|x64
		{735ACA34-4B6C-46A6-B288-DF4518B62E21}.Debug|x86.ActiveCfg = Debug|Win32
		{735ACA34-4B6C-46A6-B288-DF4518B62E21}.Debug|x86.Build.0 = Debug|Win32
		{735ACA34-4B6C-46A6-B288-DF4518B62E21}.Release|x64.ActiveCfg = Release|x64
		{735ACA34-4B6C-46A6-B288-DF4518B62E21}.Release|x64.Build.0 = Release|x64
		{735ACA34-4B6C-46A6-B288-DF4518B62E21}.Release|x86.ActiveCfg = Release|Win32
		{735ACA34-4B6C-46A6-B288-DF4518B62E21}.Release|x86.Build.0 = Release|Win32
	EndGlobalSection
	GlobalSection(SolutionProperties) = preSolution
		HideSolutionNode = FALSE
	EndGlobalSection
	GlobalSection(ExtensibilityGlobals) = postSolution
		SolutionGuid = {954121F9-A2DC-4E5F-BFCA-1267398B470D}
	EndGlobalSection
EndGlobal
